{
  "pins" : [
    {
      "identity" : "rick-and-morty-swift-api",
      "kind" : "remoteSourceControl",
      "location" : "https://github.com/benjaminbruch/Rick-and-Morty-Swift-API",
      "state" : {
        "branch" : "main",
        "revision" : "c7e165e61d746cd82fb0dda5e796323224af90e2"
      }
    }
  ],
  "version" : 2
}
